
Microsoft Visual Studio Solution File, Format Version 12.00
# Visual Studio 14
VisualStudioVersion = 14.0.24720.0
MinimumVisualStudioVersion = 10.0.40219.1
Project("{2150E333-8FDC-42A3-9474-1A3956D46DE8}") = "src", "src", "{5A3DCCC6-ACA5-42CE-B5EA-EA55C4F9BA43}"
EndProject
Project("{2150E333-8FDC-42A3-9474-1A3956D46DE8}") = "Solution Items", "Solution Items", "{EA97B9A3-C9F2-4A31-849C-BEAEE133FAE7}"
	ProjectSection(SolutionItems) = preProject
		global.json = global.json
	EndProjectSection
EndProject
Project("{8BB2217D-0F2D-49D1-97BC-3654ED321F3B}") = "MVCContactList", "src\MVCContactList\MVCContactList.xproj", "{75CF4DB2-FEE2-4A42-934A-D6149C249F34}"
EndProject
Global
	GlobalSection(SolutionConfigurationPlatforms) = preSolution
		Debug|Any CPU = Debug|Any CPU
		Release|Any CPU = Release|Any CPU
	EndGlobalSection
	GlobalSection(ProjectConfigurationPlatforms) = postSolution
		{75CF4DB2-FEE2-4A42-934A-D6149C249F34}.Debug|Any CPU.ActiveCfg = Debug|Any CPU
		{75CF4DB2-FEE2-4A42-934A-D6149C249F34}.Debug|Any CPU.Build.0 = Debug|Any CPU
		{75CF4DB2-FEE2-4A42-934A-D6149C249F34}.Release|Any CPU.ActiveCfg = Release|Any CPU
		{75CF4DB2-FEE2-4A42-934A-D6149C249F34}.Release|Any CPU.Build.0 = Release|Any CPU
	EndGlobalSection
	GlobalSection(SolutionProperties) = preSolution
		HideSolutionNode = FALSE
	EndGlobalSection
	GlobalSection(NestedProjects) = preSolution
		{75CF4DB2-FEE2-4A42-934A-D6149C249F34} = {5A3DCCC6-ACA5-42CE-B5EA-EA55C4F9BA43}
	EndGlobalSection
EndGlobal
